# This file is automatically @generated by Poetry 1.5.1 and should not be changed by hand.

[[package]]
name = "arrow"
version = "1.2.3"
description = "Better dates & times for Python"
optional = false
python-versions = "*"
files = []

[[package]]
name = "docx2txt"
version = "0.8"
description = "A pure python-based utility to extract text and images from docx files."
optional = false
python-versions = "*"
files = []

[[package]]
name = "fastapi"
version = "0.92.0"
description = "FastAPI framework, high performance, easy to learn, fast to code, ready for production"
optional = false
python-versions = "*"
files = []

[[package]]
name = "httpx"
version = "0.23.3"
description = "The next generation HTTP client."
optional = false
python-versions = "*"
files = []

[[package]]
name = "loguru"
version = "0.7.0"
description = "Python logging made (stupidly) simple"
optional = false
python-versions = "*"
files = []

[[package]]
name = "numpy"
version = "1.25.0"
description = "Fundamental package for array computing in Python"
optional = false
python-versions = "*"
files = []

[[package]]
name = "openai"
version = "0.27.8"
description = "Python client library for the OpenAI API"
optional = false
python-versions = "*"
files = []

[[package]]
name = "pinecone-client"
version = "2.2.2"
description = "Pinecone client and SDK"
optional = false
python-versions = "*"
files = []

[[package]]
name = "pydantic"
version = "1.10.9"
description = "Data validation and settings management using python type hints"
optional = false
python-versions = "*"
files = []

[[package]]
name = "PyPDF2"
version = "3.0.1"
description = "A pure-python PDF library capable of splitting, merging, cropping, and transforming PDF files"
optional = false
python-versions = "*"
files = []

[[package]]
name = "pytest"
version = "7.3.2"
description = "pytest: simple powerful testing with Python"
optional = false
python-versions = "*"
files = []

[[package]]
name = "pytest-asyncio"
version = "0.20.3"
description = "Pytest support for asyncio"
optional = false
python-versions = "*"
files = []

[[package]]
name = "pytest-cov"
version = "4.1.0"
description = "Pytest plugin for measuring coverage."
optional = false
python-versions = "*"
files = []

[[package]]
name = "python-dotenv"
version = "0.21.1"
description = "Read key-value pairs from a .env file and set them as environment variables"
optional = false
python-versions = "*"
files = []

[[package]]
name = "python-multipart"
version = "0.0.6"
description = "A streaming multipart parser for Python"
optional = false
python-versions = "*"
files = []

[[package]]
name = "python-pptx"
version = "0.6.21"
description = "Generate and manipulate Open XML PowerPoint (.pptx) files"
optional = false
python-versions = "*"
files = []

[[package]]
name = "tenacity"
version = "8.2.2"
description = "Retry code until it succeeds"
optional = false
python-versions = "*"
files = []

[[package]]
name = "tiktoken"
version = "0.2.0"
description = ""
optional = false
python-versions = "*"
files = []

[[package]]
name = "uvicorn"
version = "0.20.0"
description = "The lightning-fast ASGI server."
optional = false
python-versions = "*"
files = []

[extras]
postgresql = []

[metadata]
lock-version = "2.0"
python-versions = "^3.10"
content-hash = "ef8822b1b76a188242e53ae13aef9f32facab8928cc58b855d3ebefb3521bc82"
